{"version":4,"terraform_version":"1.10.7","serial":4,"lineage":"afcafc43-6f55-6783-53ac-a895c19a2be8","outputs":{},"resources":[{"mode":"managed","type":"minio_s3_bucket","name":"web_bucket","provider":"provider[\"registry.opentofu.org/terraform-provider-minio/minio\"]","instances":[{"schema_version":0,"attributes":{"acl":"private","arn":"arn:aws:s3:::webbucket","bucket":"webbucket","bucket_domain_name":"http://127.0.0.1:9000/minio/webbucket","bucket_prefix":null,"force_destroy":false,"id":"webbucket","object_locking":false,"quota":null},"sensitive_attributes":[],"private":"bnVsbA=="}]},{"mode":"managed","type":"minio_s3_object","name":"index_html","provider":"provider[\"registry.opentofu.org/terraform-provider-minio/minio\"]","instances":[{"schema_version":0,"attributes":{"bucket_name":"webbucket","content":null,"content_base64":null,"content_type":"application/octet-stream","etag":"852f2c917f7072f6ce6f69eb76cbb3db-1","id":"index.html","object_name":"index.html","source":"index.html","version_id":""},"sensitive_attributes":[],"private":"bnVsbA==","dependencies":["minio_s3_bucket.web_bucket"]}]},{"mode":"managed","type":"minio_s3_object","name":"style_css","provider":"provider[\"registry.opentofu.org/terraform-provider-minio/minio\"]","instances":[{"schema_version":0,"attributes":{"bucket_name":"webbucket","content":null,"content_base64":null,"content_type":"application/octet-stream","etag":"59adb24ef3cdbe0297f05b395827453f-1","id":"style.css","object_name":"style.css","source":"style.css","version_id":""},"sensitive_attributes":[],"private":"bnVsbA==","dependencies":["minio_s3_bucket.web_bucket"]}]}],"check_results":null}
